
Microsoft Visual Studio Solution File, Format Version 12.00
# Visual Studio 2012
Project("{8BC9CEB8-8B4A-11D0-8D11-00A0C91BC942}") = "harj18", "harj18\harj18.vcxproj", "{E16CF1C9-C4DB-4AF3-B0BB-3EB94745F3DE}"
EndProject
Global
	GlobalSection(SolutionConfigurationPlatforms) = preSolution
		Debug|Win32 = Debug|Win32
		Release|Win32 = Release|Win32
	EndGlobalSection
	GlobalSection(ProjectConfigurationPlatforms) = postSolution
		{E16CF1C9-C4DB-4AF3-B0BB-3EB94745F3DE}.Debug|Win32.ActiveCfg = Debug|Win32
		{E16CF1C9-C4DB-4AF3-B0BB-3EB94745F3DE}.Debug|Win32.Build.0 = Debug|Win32
		{E16CF1C9-C4DB-4AF3-B0BB-3EB94745F3DE}.Release|Win32.ActiveCfg = Release|Win32
		{E16CF1C9-C4DB-4AF3-B0BB-3EB94745F3DE}.Release|Win32.Build.0 = Release|Win32
	EndGlobalSection
	GlobalSection(SolutionProperties) = preSolution
		HideSolutionNode = FALSE
	EndGlobalSection
EndGlobal
